github.com/BurntSushi/toml v1.1.0 h1:ksErzDEI1khOiGPgpwuI7x2ebx/uXQNw7xJpn9Eq1+I=
github.com/BurntSushi/toml v1.1.0/go.mod h1:CxXYINrC8qIiEnFrOxCa7Jy5BFHlXnUU2pbicEuybxQ=
github.com/cenkalti/backoff/v4 v4.1.3 h1:cFAlzYUlVYDysBEH2T5hyJZMh3+5+WCBvSnK6Q8UtC4=
github.com/cenkalti/backoff/v4 v4.1.3/go.mod h1:scbssz8iZGpm3xbr14ovlUdkxfGXNInqkPWOWmG2CLw=
github.com/davecgh/go-spew v1.1.0/go.mod h1:J7Y8YcW2NihsgmVo/mv3lAwl/skON4iLHjSsI+c5H38=
github.com/davecgh/go-spew v1.1.1 h1:vj9j/u1bqnvCEfJOwUhtlOARqs3+rkHYY13jYWTU97c=
github.com/davecgh/go-spew v1.1.1/go.mod h1:J7Y8YcW2NihsgmVo/mv3lAwl/skON4iLHjSsI+c5H38=
github.com/google/go-cmp v0.5.8 h1:e6P7q2lk1O+qJJb4BtCQXlK8vWEO8V1ZeuEdJNOqZyg=
github.com/google/go-cmp v0.5.8/go.mod h1:17dUlkBOakJ0+DkrSSNjCkIjxS6bF9zb3elmeNGIjoY=
github.com/jarcoal/httpmock v1.2.0 h1:gSvTxxFR/MEMfsGrvRbdfpRUMBStovlSRLw0Ep1bwwc=
github.com/jarcoal/httpmock v1.2.0/go.mod h1:oCoTsnAz4+UoOUIf5lJOWV2QQIW5UoeUI6aM2YnWAZk=
github.com/kelseyhightower/envconfig v1.4.0 h1:Im6hONhd3pLkfDFsbRgu68RDNkGF1r3dvMUtDTo2cv8=
github.com/kelseyhightower/envconfig v1.4.0/go.mod h1:cccZRl6mQpaq41TPp5QxidR+Sa3axMbJDNb//FQX6Gg=
github.com/maxatome/go-testdeep v1.11.0 h1:Tgh5efyCYyJFGUYiT0qxBSIDeXw0F5zSoatlou685kk=
github.com/patrickmn/go-cache v0.0.0-20180815053127-5633e0862627 h1:pSCLCl6joCFRnjpeojzOpEYs4q7Vditq8fySFG5ap3Y=
github.com/patrickmn/go-cache v0.0.0-20180815053127-5633e0862627/go.mod h1:3Qf8kWWT7OJRJbdiICTKqZju1ZixQ/KpMGzzAfe6+WQ=
github.com/pmezard/go-difflib v1.0.0 h1:4DBwDE0NGyQoBHbLQYPwSUPoCMWR5BEzIk/f1lZbAQM=
github.com/pmezard/go-difflib v1.0.0/go.mod h1:iKH77koFhYxTK1pcRnkKkqfTogsbg7gZNVY4sRDYZ/4=
github.com/stretchr/objx v0.1.0/go.mod h1:HFkY916IF+rwdDfMAkV7OtwuqBVzrE8GR6GFx+wExME=
github.com/stretchr/testify v1.7.1 h1:5TQK59W5E3v0r2duFAb7P95B6hEeOyEnHRa8MjYSMTY=
github.com/stretchr/testify v1.7.1/go.mod h1:6Fq8oRcR53rry900zMqJjRRixrwX3KX962/h/Wwjteg=
golang.org/x/crypto v0.0.0-20220525230936-793ad666bf5e h1:T8NU3HyQ8ClP4SEE+KbFlg6n0NhuTsN4MyznaarGsZM=
golang.org/x/crypto v0.0.0-20220525230936-793ad666bf5e/go.mod h1:IxCIyHEi3zRg3s0A5j5BB6A9Jmi73HwBIUl50j+osU4=
gopkg.in/check.v1 v0.0.0-20161208181325-20d25e280405 h1:yhCVgyC4o1eVCa2tZl7eS0r+SDo693bJlVdllGtEeKM=
gopkg.in/check.v1 v0.0.0-20161208181325-20d25e280405/go.mod h1:Co6ibVJAznAaIkqp8huTwlJQCZ016jof/cbN4VW5Yz0=
gopkg.in/square/go-jose.v2 v2.6.0 h1:NGk74WTnPKBNUhNzQX7PYcTLUjoq7mzKk2OKbvwk2iI=
gopkg.in/square/go-jose.v2 v2.6.0/go.mod h1:M9dMgbHiYLoDGQrXy7OpJDJWiKiU//h+vD76mk0e1AI=
gopkg.in/yaml.v3 v3.0.0-20200313102051-9f266ea9e77c/go.mod h1:K4uyk7z7BCEPqu6E+C64Yfv1cQ7kz7rIZviUmN+EgEM=
gopkg.in/yaml.v3 v3.0.1 h1:fxVm/GzAzEWqLHuvctI91KS9hhNmmWOoWu0XTYJS7CA=
gopkg.in/yaml.v3 v3.0.1/go.mod h1:K4uyk7z7BCEPqu6E+C64Yfv1cQ7kz7rIZviUmN+EgEM=
